
Microsoft Visual Studio Solution File, Format Version 12.00
# Visual Studio Version 16
VisualStudioVersion = 16.0.30104.148
MinimumVisualStudioVersion = 10.0.40219.1
Project("{FAE04EC0-301F-11D3-BF4B-00C04F79EFBC}") = "Saichkina_backend", "Saichkina_backend\Saichkina_backend.csproj", "{42B1D4AF-7EDA-481C-8F6E-BB75216A33E9}"
EndProject
Global
	GlobalSection(SolutionConfigurationPlatforms) = preSolution
		Debug|Any CPU = Debug|Any CPU
		Release|Any CPU = Release|Any CPU
	EndGlobalSection
	GlobalSection(ProjectConfigurationPlatforms) = postSolution
		{42B1D4AF-7EDA-481C-8F6E-BB75216A33E9}.Debug|Any CPU.ActiveCfg = Debug|Any CPU
		{42B1D4AF-7EDA-481C-8F6E-BB75216A33E9}.Debug|Any CPU.Build.0 = Debug|Any CPU
		{42B1D4AF-7EDA-481C-8F6E-BB75216A33E9}.Release|Any CPU.ActiveCfg = Release|Any CPU
		{42B1D4AF-7EDA-481C-8F6E-BB75216A33E9}.Release|Any CPU.Build.0 = Release|Any CPU
	EndGlobalSection
	GlobalSection(SolutionProperties) = preSolution
		HideSolutionNode = FALSE
	EndGlobalSection
	GlobalSection(ExtensibilityGlobals) = postSolution
		SolutionGuid = {4AE0B283-A96E-474C-B7FF-858DD85AF60B}
	EndGlobalSection
EndGlobal
